
Microsoft Visual Studio Solution File, Format Version 12.00
# Visual Studio 15
VisualStudioVersion = 15.0.28307.102
MinimumVisualStudioVersion = 10.0.40219.1
Project("{FAE04EC0-301F-11D3-BF4B-00C04F79EFBC}") = "ConverseServer", "ConverseServer\ConverseServer.csproj", "{44FA2989-EEDF-42D1-AC8C-2AEC0819F368}"
EndProject
Global
	GlobalSection(SolutionConfigurationPlatforms) = preSolution
		Debug|Any CPU = Debug|Any CPU
		Release|Any CPU = Release|Any CPU
	EndGlobalSection
	GlobalSection(ProjectConfigurationPlatforms) = postSolution
		{44FA2989-EEDF-42D1-AC8C-2AEC0819F368}.Debug|Any CPU.ActiveCfg = Debug|Any CPU
		{44FA2989-EEDF-42D1-AC8C-2AEC0819F368}.Debug|Any CPU.Build.0 = Debug|Any CPU
		{44FA2989-EEDF-42D1-AC8C-2AEC0819F368}.Release|Any CPU.ActiveCfg = Release|Any CPU
		{44FA2989-EEDF-42D1-AC8C-2AEC0819F368}.Release|Any CPU.Build.0 = Release|Any CPU
	EndGlobalSection
	GlobalSection(SolutionProperties) = preSolution
		HideSolutionNode = FALSE
	EndGlobalSection
	GlobalSection(ExtensibilityGlobals) = postSolution
		SolutionGuid = {667F1138-BFC6-414E-8DE0-F983A660806A}
	EndGlobalSection
EndGlobal
